
Microsoft Visual Studio Solution File, Format Version 12.00
# Visual Studio Version 17
VisualStudioVersion = 17.7.34202.233
MinimumVisualStudioVersion = 10.0.40219.1
Project("{FAE04EC0-301F-11D3-BF4B-00C04F79EFBC}") = "Menor_edad", "Menor_edad.csproj", "{700217CF-4102-416A-95CA-793F82791300}"
EndProject
Global
	GlobalSection(SolutionConfigurationPlatforms) = preSolution
		Debug|Any CPU = Debug|Any CPU
		Release|Any CPU = Release|Any CPU
	EndGlobalSection
	GlobalSection(ProjectConfigurationPlatforms) = postSolution
		{700217CF-4102-416A-95CA-793F82791300}.Debug|Any CPU.ActiveCfg = Debug|Any CPU
		{700217CF-4102-416A-95CA-793F82791300}.Debug|Any CPU.Build.0 = Debug|Any CPU
		{700217CF-4102-416A-95CA-793F82791300}.Release|Any CPU.ActiveCfg = Release|Any CPU
		{700217CF-4102-416A-95CA-793F82791300}.Release|Any CPU.Build.0 = Release|Any CPU
	EndGlobalSection
	GlobalSection(SolutionProperties) = preSolution
		HideSolutionNode = FALSE
	EndGlobalSection
	GlobalSection(ExtensibilityGlobals) = postSolution
		SolutionGuid = {FD9B67B6-FD08-49AF-8753-85CAF43C6F1A}
	EndGlobalSection
EndGlobal
